# Runtime data lock for the current RuneC early-v1 data release.

format = "runec-runtime-data-lock-v1"
status = "released"
official_release = true
data_version = "v1"
release_status = "publishable"
pipeline_command = "python3 tools/data_pipeline.py all"
check_command = "python3 tools/data_pipeline.py --check"

[local_outputs]
data_manifest = "data/manifest.json"
dist_manifest = "dist-data/manifest.json"
packs_dir = "dist-data/packs"
pipeline_record = "generated/pipeline/build.json"
reports_dir = "generated/reports"
local_setup_command = "scripts/setup-data.sh --offline dist-data"
local_verify_command = "scripts/setup-data.sh --verify"

[release]
manifest_url = "https://github.com/jordanbailey00/RuneC/releases/download/data-v2026.07.02-b237/manifest.json"
manifest_sha256 = "9d025bb17fd8882304ddb3678c8a7ff983386b77a5ae236309f6460a28cbe957"
packs_base_url = "https://github.com/jordanbailey00/RuneC/releases/download/data-v2026.07.02-b237"
release_tag = "data-v2026.07.02-b237"

[source_gaps]
datasets = []

[notes]
phase = "data-cleanup-official-release"
official_release_note = "Official early-v1 runtime-data release published as GitHub Release assets."
source_gap_note = "No formal source-authority gaps remain."
